
Microsoft Visual Studio Solution File, Format Version 12.00
# Visual Studio Version 16
VisualStudioVersion = 16.0.29728.190
MinimumVisualStudioVersion = 10.0.40219.1
Project("{8BC9CEB8-8B4A-11D0-8D11-00A0C91BC942}") = "Knapsack", "Knapsack.vcxproj", "{A973AB7E-94D1-412E-90DB-133F46EBD4E5}"
EndProject
Global
	GlobalSection(SolutionConfigurationPlatforms) = preSolution
		Debug|x64 = Debug|x64
		Debug|x86 = Debug|x86
		Release|x64 = Release|x64
		Release|x86 = Release|x86
	EndGlobalSection
	GlobalSection(ProjectConfigurationPlatforms) = postSolution
		{A973AB7E-94D1-412E-90DB-133F46EBD4E5}.Debug|x64.ActiveCfg = Debug|x64
		{A973AB7E-94D1-412E-90DB-133F46EBD4E5}.Debug|x64.Build.0 = Debug|x64
		{A973AB7E-94D1-412E-90DB-133F46EBD4E5}.Debug|x86.ActiveCfg = Debug|Win32
		{A973AB7E-94D1-412E-90DB-133F46EBD4E5}.Debug|x86.Build.0 = Debug|Win32
		{A973AB7E-94D1-412E-90DB-133F46EBD4E5}.Release|x64.ActiveCfg = Release|x64
		{A973AB7E-94D1-412E-90DB-133F46EBD4E5}.Release|x64.Build.0 = Release|x64
		{A973AB7E-94D1-412E-90DB-133F46EBD4E5}.Release|x86.ActiveCfg = Release|Win32
		{A973AB7E-94D1-412E-90DB-133F46EBD4E5}.Release|x86.Build.0 = Release|Win32
	EndGlobalSection
	GlobalSection(SolutionProperties) = preSolution
		HideSolutionNode = FALSE
	EndGlobalSection
	GlobalSection(ExtensibilityGlobals) = postSolution
		SolutionGuid = {E32C0987-1DB7-458E-8F9B-F295AC35CD81}
	EndGlobalSection
EndGlobal
